// !$*UTF8*$!
{
	archiveVersion = 1;
	classes = {
	};
	objectVersion = 50;
	objects = {

/* Begin PBXBuildFile section */
		49D0ADB422EDC01500E646B6 /* AppDelegate.m in Sources */ = {isa = PBXBuildFile; fileRef = 49D0ADB322EDC01500E646B6 /* AppDelegate.m */; };
		49D0ADB722EDC01500E646B6 /* ViewController.m in Sources */ = {isa = PBXBuildFile; fileRef = 49D0ADB622EDC01500E646B6 /* ViewController.m */; };
		49D0ADBA22EDC01500E646B6 /* Main.storyboard in Resources */ = {isa = PBXBuildFile; fileRef = 49D0ADB822EDC01500E646B6 /* Main.storyboard */; };
		49D0ADBC22EDC01700E646B6 /* Assets.xcassets in Resources */ = {isa = PBXBuildFile; fileRef = 49D0ADBB22EDC01700E646B6 /* Assets.xcassets */; };
		49D0ADBF22EDC01700E646B6 /* LaunchScreen.storyboard in Resources */ = {isa = PBXBuildFile; fileRef = 49D0ADBD22EDC01700E646B6 /* LaunchScreen.storyboard */; };
		49D0ADC222EDC01700E646B6 /* main.m in Sources */ = {isa = PBXBuildFile; fileRef = 49D0ADC122EDC01700E646B6 /* main.m */; };
		49D0ADCC22EDC01700E646B6 /* ____Tests.m in Sources */ = {isa = PBXBuildFile; fileRef = 49D0ADCB22EDC01700E646B6 /* ____Tests.m */; };
		49D0ADD722EDC01700E646B6 /* ____UITests.m in Sources */ = {isa = PBXBuildFile; fileRef = 49D0ADD622EDC01700E646B6 /* ____UITests.m */; };
/* End PBXBuildFile section */

/* Begin PBXContainerItemProxy section */
		49D0ADC822EDC01700E646B6 /* PBXContainerItemProxy */ = {
			isa = PBXContainerItemProxy;
			containerPortal = 49D0ADA722EDC01500E646B6 /* Project object */;
			proxyType = 1;
			remoteGlobalIDString = 49D0ADAE22EDC01500E646B6;
			remoteInfo = "物理引擎";
		};
		49D0ADD322EDC01700E646B6 /* PBXContainerItemProxy */ = {
			isa = PBXContainerItemProxy;
			containerPortal = 49D0ADA722EDC01500E646B6 /* Project object */;
			proxyType = 1;
			remoteGlobalIDString = 49D0ADAE22EDC01500E646B6;
			remoteInfo = "物理引擎";
		};
/* End PBXContainerItemProxy section */

/* Begin PBXFileReference section */
		49D0ADAF22EDC01500E646B6 /* 物理引擎.app */ = {isa = PBXFileReference; explicitFileType = wrapper.application; includeInIndex = 0; path = "物理引擎.app"; sourceTree = BUILT_PRODUCTS_DIR; };
		49D0ADB222EDC01500E646B6 /* AppDelegate.h */ = {isa = PBXFileReference; lastKnownFileType = sourcecode.c.h; path = AppDelegate.h; sourceTree = "<group>"; };
		49D0ADB322EDC01500E646B6 /* AppDelegate.m */ = {isa = PBXFileReference; lastKnownFileType = sourcecode.c.objc; path = AppDelegate.m; sourceTree = "<group>"; };
		49D0ADB522EDC01500E646B6 /* ViewController.h */ = {isa = PBXFileReference; lastKnownFileType = sourcecode.c.h; path = ViewController.h; sourceTree = "<group>"; };
		49D0ADB622EDC01500E646B6 /* ViewController.m */ = {isa = PBXFileReference; lastKnownFileType = sourcecode.c.objc; path = ViewController.m; sourceTree = "<group>"; };
		49D0ADB922EDC01500E646B6 /* Base */ = {isa = PBXFileReference; lastKnownFileType = file.storyboard; name = Base; path = Base.lproj/Main.storyboard; sourceTree = "<group>"; };
		49D0ADBB22EDC01700E646B6 /* Assets.xcassets */ = {isa = PBXFileReference; lastKnownFileType = folder.assetcatalog; path = Assets.xcassets; sourceTree = "<group>"; };
		49D0ADBE22EDC01700E646B6 /* Base */ = {isa = PBXFileReference; lastKnownFileType = file.storyboard; name = Base; path = Base.lproj/LaunchScreen.storyboard; sourceTree = "<group>"; };
		49D0ADC022EDC01700E646B6 /* Info.plist */ = {isa = PBXFileReference; lastKnownFileType = text.plist.xml; path = Info.plist; sourceTree = "<group>"; };
		49D0ADC122EDC01700E646B6 /* main.m */ = {isa = PBXFileReference; lastKnownFileType = sourcecode.c.objc; path = main.m; sourceTree = "<group>"; };
		49D0ADC722EDC01700E646B6 /* 物理引擎Tests.xctest */ = {isa = PBXFileReference; explicitFileType = wrapper.cfbundle; includeInIndex = 0; path = "物理引擎Tests.xctest"; sourceTree = BUILT_PRODUCTS_DIR; };
		49D0ADCB22EDC01700E646B6 /* ____Tests.m */ = {isa = PBXFileReference; lastKnownFileType = sourcecode.c.objc; path = "____Tests.m"; sourceTree = "<group>"; };
		49D0ADCD22EDC01700E646B6 /* Info.plist */ = {isa = PBXFileReference; lastKnownFileType = text.plist.xml; path = Info.plist; sourceTree = "<group>"; };
		49D0ADD222EDC01700E646B6 /* 物理引擎UITests.xctest */ = {isa = PBXFileReference; explicitFileType = wrapper.cfbundle; includeInIndex = 0; path = "物理引擎UITests.xctest"; sourceTree = BUILT_PRODUCTS_DIR; };
		49D0ADD622EDC01700E646B6 /* ____UITests.m */ = {isa = PBXFileReference; lastKnownFileType = sourcecode.c.objc; path = "____UITests.m"; sourceTree = "<group>"; };
		49D0ADD822EDC01700E646B6 /* Info.plist */ = {isa = PBXFileReference; lastKnownFileType = text.plist.xml; path = Info.plist; sourceTree = "<group>"; };
/* End PBXFileReference section */

/* Begin PBXFrameworksBuildPhase section */
		49D0ADAC22EDC01500E646B6 /* Frameworks */ = {
			isa = PBXFrameworksBuildPhase;
			buildActionMask = 2147483647;
			files = (
			);
			runOnlyForDeploymentPostprocessing = 0;
		};
		49D0ADC422EDC01700E646B6 /* Frameworks */ = {
			isa = PBXFrameworksBuildPhase;
			buildActionMask = 2147483647;
			files = (
			);
			runOnlyForDeploymentPostprocessing = 0;
		};
		49D0ADCF22EDC01700E646B6 /* Frameworks */ = {
			isa = PBXFrameworksBuildPhase;
			buildActionMask = 2147483647;
			files = (
			);
			runOnlyForDeploymentPostprocessing = 0;
		};
/* End PBXFrameworksBuildPhase section */

/* Begin PBXGroup section */
		49D0ADA622EDC01500E646B6 = {
			isa = PBXGroup;
			children = (
				49D0ADB122EDC01500E646B6 /* 物理引擎 */,
				49D0ADCA22EDC01700E646B6 /* 物理引擎Tests */,
				49D0ADD522EDC01700E646B6 /* 物理引擎UITests */,
				49D0ADB022EDC01500E646B6 /* Products */,
			);
			sourceTree = "<group>";
		};
		49D0ADB022EDC01500E646B6 /* Products */ = {
			isa = PBXGroup;
			children = (
				49D0ADAF22EDC01500E646B6 /* 物理引擎.app */,
				49D0ADC722EDC01700E646B6 /* 物理引擎Tests.xctest */,
				49D0ADD222EDC01700E646B6 /* 物理引擎UITests.xctest */,
			);
			name = Products;
			sourceTree = "<group>";
		};
		49D0ADB122EDC01500E646B6 /* 物理引擎 */ = {
			isa = PBXGroup;
			children = (
				49D0ADB222EDC01500E646B6 /* AppDelegate.h */,
				49D0ADB322EDC01500E646B6 /* AppDelegate.m */,
				49D0ADB522EDC01500E646B6 /* ViewController.h */,
				49D0ADB622EDC01500E646B6 /* ViewController.m */,
				49D0ADB822EDC01500E646B6 /* Main.storyboard */,
				49D0ADBB22EDC01700E646B6 /* Assets.xcassets */,
				49D0ADBD22EDC01700E646B6 /* LaunchScreen.storyboard */,
				49D0ADC022EDC01700E646B6 /* Info.plist */,
				49D0ADC122EDC01700E646B6 /* main.m */,
			);
			path = "物理引擎";
			sourceTree = "<group>";
		};
		49D0ADCA22EDC01700E646B6 /* 物理引擎Tests */ = {
			isa = PBXGroup;
			children = (
				49D0ADCB22EDC01700E646B6 /* ____Tests.m */,
				49D0ADCD22EDC01700E646B6 /* Info.plist */,
			);
			path = "物理引擎Tests";
			sourceTree = "<group>";
		};
		49D0ADD522EDC01700E646B6 /* 物理引擎UITests */ = {
			isa = PBXGroup;
			children = (
				49D0ADD622EDC01700E646B6 /* ____UITests.m */,
				49D0ADD822EDC01700E646B6 /* Info.plist */,
			);
			path = "物理引擎UITests";
			sourceTree = "<group>";
		};
/* End PBXGroup section */

/* Begin PBXNativeTarget section */
		49D0ADAE22EDC01500E646B6 /* 物理引擎 */ = {
			isa = PBXNativeTarget;
			buildConfigurationList = 49D0ADDB22EDC01700E646B6 /* Build configuration list for PBXNativeTarget "物理引擎" */;
			buildPhases = (
				49D0ADAB22EDC01500E646B6 /* Sources */,
				49D0ADAC22EDC01500E646B6 /* Frameworks */,
				49D0ADAD22EDC01500E646B6 /* Resources */,
			);
			buildRules = (
			);
			dependencies = (
			);
			name = "物理引擎";
			productName = "物理引擎";
			productReference = 49D0ADAF22EDC01500E646B6 /* 物理引擎.app */;
			productType = "com.apple.product-type.application";
		};
		49D0ADC622EDC01700E646B6 /* 物理引擎Tests */ = {
			isa = PBXNativeTarget;
			buildConfigurationList = 49D0ADDE22EDC01700E646B6 /* Build configuration list for PBXNativeTarget "物理引擎Tests" */;
			buildPhases = (
				49D0ADC322EDC01700E646B6 /* Sources */,
				49D0ADC422EDC01700E646B6 /* Frameworks */,
				49D0ADC522EDC01700E646B6 /* Resources */,
			);
			buildRules = (
			);
			dependencies = (
				49D0ADC922EDC01700E646B6 /* PBXTargetDependency */,
			);
			name = "物理引擎Tests";
			productName = "物理引擎Tests";
			productReference = 49D0ADC722EDC01700E646B6 /* 物理引擎Tests.xctest */;
			productType = "com.apple.product-type.bundle.unit-test";
		};
		49D0ADD122EDC01700E646B6 /* 物理引擎UITests */ = {
			isa = PBXNativeTarget;
			buildConfigurationList = 49D0ADE122EDC01700E646B6 /* Build configuration list for PBXNativeTarget "物理引擎UITests" */;
			buildPhases = (
				49D0ADCE22EDC01700E646B6 /* Sources */,
				49D0ADCF22EDC01700E646B6 /* Frameworks */,
				49D0ADD022EDC01700E646B6 /* Resources */,
			);
			buildRules = (
			);
			dependencies = (
				49D0ADD422EDC01700E646B6 /* PBXTargetDependency */,
			);
			name = "物理引擎UITests";
			productName = "物理引擎UITests";
			productReference = 49D0ADD222EDC01700E646B6 /* 物理引擎UITests.xctest */;
			productType = "com.apple.product-type.bundle.ui-testing";
		};
/* End PBXNativeTarget section */

/* Begin PBXProject section */
		49D0ADA722EDC01500E646B6 /* Project object */ = {
			isa = PBXProject;
			attributes = {
				LastUpgradeCheck = 1010;
				ORGANIZATIONNAME = wyx;
				TargetAttributes = {
					49D0ADAE22EDC01500E646B6 = {
						CreatedOnToolsVersion = 10.1;
					};
					49D0ADC622EDC01700E646B6 = {
						CreatedOnToolsVersion = 10.1;
						TestTargetID = 49D0ADAE22EDC01500E646B6;
					};
					49D0ADD122EDC01700E646B6 = {
						CreatedOnToolsVersion = 10.1;
						TestTargetID = 49D0ADAE22EDC01500E646B6;
					};
				};
			};
			buildConfigurationList = 49D0ADAA22EDC01500E646B6 /* Build configuration list for PBXProject "物理引擎" */;
			compatibilityVersion = "Xcode 9.3";
			developmentRegion = en;
			hasScannedForEncodings = 0;
			knownRegions = (
				en,
				Base,
			);
			mainGroup = 49D0ADA622EDC01500E646B6;
			productRefGroup = 49D0ADB022EDC01500E646B6 /* Products */;
			projectDirPath = "";
			projectRoot = "";
			targets = (
				49D0ADAE22EDC01500E646B6 /* 物理引擎 */,
				49D0ADC622EDC01700E646B6 /* 物理引擎Tests */,
				49D0ADD122EDC01700E646B6 /* 物理引擎UITests */,
			);
		};
/* End PBXProject section */

/* Begin PBXResourcesBuildPhase section */
		49D0ADAD22EDC01500E646B6 /* Resources */ = {
			isa = PBXResourcesBuildPhase;
			buildActionMask = 2147483647;
			files = (
				49D0ADBF22EDC01700E646B6 /* LaunchScreen.storyboard in Resources */,
				49D0ADBC22EDC01700E646B6 /* Assets.xcassets in Resources */,
				49D0ADBA22EDC01500E646B6 /* Main.storyboard in Resources */,
			);
			runOnlyForDeploymentPostprocessing = 0;
		};
		49D0ADC522EDC01700E646B6 /* Resources */ = {
			isa = PBXResourcesBuildPhase;
			buildActionMask = 2147483647;
			files = (
			);
			runOnlyForDeploymentPostprocessing = 0;
		};
		49D0ADD022EDC01700E646B6 /* Resources */ = {
			isa = PBXResourcesBuildPhase;
			buildActionMask = 2147483647;
			files = (
			);
			runOnlyForDeploymentPostprocessing = 0;
		};
/* End PBXResourcesBuildPhase section */

/* Begin PBXSourcesBuildPhase section */
		49D0ADAB22EDC01500E646B6 /* Sources */ = {
			isa = PBXSourcesBuildPhase;
			buildActionMask = 2147483647;
			files = (
				49D0ADB722EDC01500E646B6 /* ViewController.m in Sources */,
				49D0ADC222EDC01700E646B6 /* main.m in Sources */,
				49D0ADB422EDC01500E646B6 /* AppDelegate.m in Sources */,
			);
			runOnlyForDeploymentPostprocessing = 0;
		};
		49D0ADC322EDC01700E646B6 /* Sources */ = {
			isa = PBXSourcesBuildPhase;
			buildActionMask = 2147483647;
			files = (
				49D0ADCC22EDC01700E646B6 /* ____Tests.m in Sources */,
			);
			runOnlyForDeploymentPostprocessing = 0;
		};
		49D0ADCE22EDC01700E646B6 /* Sources */ = {
			isa = PBXSourcesBuildPhase;
			buildActionMask = 2147483647;
			files = (
				49D0ADD722EDC01700E646B6 /* ____UITests.m in Sources */,
			);
			runOnlyForDeploymentPostprocessing = 0;
		};
/* End PBXSourcesBuildPhase section */

/* Begin PBXTargetDependency section */
		49D0ADC922EDC01700E646B6 /* PBXTargetDependency */ = {
			isa = PBXTargetDependency;
			target = 49D0ADAE22EDC01500E646B6 /* 物理引擎 */;
			targetProxy = 49D0ADC822EDC01700E646B6 /* PBXContainerItemProxy */;
		};
		49D0ADD422EDC01700E646B6 /* PBXTargetDependency */ = {
			isa = PBXTargetDependency;
			target = 49D0ADAE22EDC01500E646B6 /* 物理引擎 */;
			targetProxy = 49D0ADD322EDC01700E646B6 /* PBXContainerItemProxy */;
		};
/* End PBXTargetDependency section */

/* Begin PBXVariantGroup section */
		49D0ADB822EDC01500E646B6 /* Main.storyboard */ = {
			isa = PBXVariantGroup;
			children = (
				49D0ADB922EDC01500E646B6 /* Base */,
			);
			name = Main.storyboard;
			sourceTree = "<group>";
		};
		49D0ADBD22EDC01700E646B6 /* LaunchScreen.storyboard */ = {
			isa = PBXVariantGroup;
			children = (
				49D0ADBE22EDC01700E646B6 /* Base */,
			);
			name = LaunchScreen.storyboard;
			sourceTree = "<group>";
		};
/* End PBXVariantGroup section */

/* Begin XCBuildConfiguration section */
		49D0ADD922EDC01700E646B6 /* Debug */ = {
			isa = XCBuildConfiguration;
			buildSettings = {
				ALWAYS_SEARCH_USER_PATHS = NO;
				CLANG_ANALYZER_NONNULL = YES;
				CLANG_ANALYZER_NUMBER_OBJECT_CONVERSION = YES_AGGRESSIVE;
				CLANG_CXX_LANGUAGE_STANDARD = "gnu++14";
				CLANG_CXX_LIBRARY = "libc++";
				CLANG_ENABLE_MODULES = YES;
				CLANG_ENABLE_OBJC_ARC = YES;
				CLANG_ENABLE_OBJC_WEAK = YES;
				CLANG_WARN_BLOCK_CAPTURE_AUTORELEASING = YES;
				CLANG_WARN_BOOL_CONVERSION = YES;
				CLANG_WARN_COMMA = YES;
				CLANG_WARN_CONSTANT_CONVERSION = YES;
				CLANG_WARN_DEPRECATED_OBJC_IMPLEMENTATIONS = YES;
				CLANG_WARN_DIRECT_OBJC_ISA_USAGE = YES_ERROR;
				CLANG_WARN_DOCUMENTATION_COMMENTS = YES;
				CLANG_WARN_EMPTY_BODY = YES;
				CLANG_WARN_ENUM_CONVERSION = YES;
				CLANG_WARN_INFINITE_RECURSION = YES;
				CLANG_WARN_INT_CONVERSION = YES;
				CLANG_WARN_NON_LITERAL_NULL_CONVERSION = YES;
				CLANG_WARN_OBJC_IMPLICIT_RETAIN_SELF = YES;
				CLANG_WARN_OBJC_LITERAL_CONVERSION = YES;
				CLANG_WARN_OBJC_ROOT_CLASS = YES_ERROR;
				CLANG_WARN_RANGE_LOOP_ANALYSIS = YES;
				CLANG_WARN_STRICT_PROTOTYPES = YES;
				CLANG_WARN_SUSPICIOUS_MOVE = YES;
				CLANG_WARN_UNGUARDED_AVAILABILITY = YES_AGGRESSIVE;
				CLANG_WARN_UNREACHABLE_CODE = YES;
				CLANG_WARN__DUPLICATE_METHOD_MATCH = YES;
				CODE_SIGN_IDENTITY = "iPhone Developer";
				COPY_PHASE_STRIP = NO;
				DEBUG_INFORMATION_FORMAT = dwarf;
				ENABLE_STRICT_OBJC_MSGSEND = YES;
				ENABLE_TESTABILITY = YES;
				GCC_C_LANGUAGE_STANDARD = gnu11;
				GCC_DYNAMIC_NO_PIC = NO;
				GCC_NO_COMMON_BLOCKS = YES;
				GCC_OPTIMIZATION_LEVEL = 0;
				GCC_PREPROCESSOR_DEFINITIONS = (
					"DEBUG=1",
					"$(inherited)",
				);
				GCC_WARN_64_TO_32_BIT_CONVERSION = YES;
				GCC_WARN_ABOUT_RETURN_TYPE = YES_ERROR;
				GCC_WARN_UNDECLARED_SELECTOR = YES;
				GCC_WARN_UNINITIALIZED_AUTOS = YES_AGGRESSIVE;
				GCC_WARN_UNUSED_FUNCTION = YES;
				GCC_WARN_UNUSED_VARIABLE = YES;
				IPHONEOS_DEPLOYMENT_TARGET = 12.1;
				MTL_ENABLE_DEBUG_INFO = INCLUDE_SOURCE;
				MTL_FAST_MATH = YES;
				ONLY_ACTIVE_ARCH = YES;
				SDKROOT = iphoneos;
			};
			name = Debug;
		};
		49D0ADDA22EDC01700E646B6 /* Release */ = {
			isa = XCBuildConfiguration;
			buildSettings = {
				ALWAYS_SEARCH_USER_PATHS = NO;
				CLANG_ANALYZER_NONNULL = YES;
				CLANG_ANALYZER_NUMBER_OBJECT_CONVERSION = YES_AGGRESSIVE;
				CLANG_CXX_LANGUAGE_STANDARD = "gnu++14";
				CLANG_CXX_LIBRARY = "libc++";
				CLANG_ENABLE_MODULES = YES;
				CLANG_ENABLE_OBJC_ARC = YES;
				CLANG_ENABLE_OBJC_WEAK = YES;
				CLANG_WARN_BLOCK_CAPTURE_AUTORELEASING = YES;
				CLANG_WARN_BOOL_CONVERSION = YES;
				CLANG_WARN_COMMA = YES;
				CLANG_WARN_CONSTANT_CONVERSION = YES;
				CLANG_WARN_DEPRECATED_OBJC_IMPLEMENTATIONS = YES;
				CLANG_WARN_DIRECT_OBJC_ISA_USAGE = YES_ERROR;
				CLANG_WARN_DOCUMENTATION_COMMENTS = YES;
				CLANG_WARN_EMPTY_BODY = YES;
				CLANG_WARN_ENUM_CONVERSION = YES;
				CLANG_WARN_INFINITE_RECURSION = YES;
				CLANG_WARN_INT_CONVERSION = YES;
				CLANG_WARN_NON_LITERAL_NULL_CONVERSION = YES;
				CLANG_WARN_OBJC_IMPLICIT_RETAIN_SELF = YES;
				CLANG_WARN_OBJC_LITERAL_CONVERSION = YES;
				CLANG_WARN_OBJC_ROOT_CLASS = YES_ERROR;
				CLANG_WARN_RANGE_LOOP_ANALYSIS = YES;
				CLANG_WARN_STRICT_PROTOTYPES = YES;
				CLANG_WARN_SUSPICIOUS_MOVE = YES;
				CLANG_WARN_UNGUARDED_AVAILABILITY = YES_AGGRESSIVE;
				CLANG_WARN_UNREACHABLE_CODE = YES;
				CLANG_WARN__DUPLICATE_METHOD_MATCH = YES;
				CODE_SIGN_IDENTITY = "iPhone Developer";
				COPY_PHASE_STRIP = NO;
				DEBUG_INFORMATION_FORMAT = "dwarf-with-dsym";
				ENABLE_NS_ASSERTIONS = NO;
				ENABLE_STRICT_OBJC_MSGSEND = YES;
				GCC_C_LANGUAGE_STANDARD = gnu11;
				GCC_NO_COMMON_BLOCKS = YES;
				GCC_WARN_64_TO_32_BIT_CONVERSION = YES;
				GCC_WARN_ABOUT_RETURN_TYPE = YES_ERROR;
				GCC_WARN_UNDECLARED_SELECTOR = YES;
				GCC_WARN_UNINITIALIZED_AUTOS = YES_AGGRESSIVE;
				GCC_WARN_UNUSED_FUNCTION = YES;
				GCC_WARN_UNUSED_VARIABLE = YES;
				IPHONEOS_DEPLOYMENT_TARGET = 12.1;
				MTL_ENABLE_DEBUG_INFO = NO;
				MTL_FAST_MATH = YES;
				SDKROOT = iphoneos;
				VALIDATE_PRODUCT = YES;
			};
			name = Release;
		};
		49D0ADDC22EDC01700E646B6 /* Debug */ = {
			isa = XCBuildConfiguration;
			buildSettings = {
				ASSETCATALOG_COMPILER_APPICON_NAME = AppIcon;
				CODE_SIGN_STYLE = Automatic;
				DEVELOPMENT_TEAM = KJSFYK2X7F;
				INFOPLIST_FILE = "物理引擎/Info.plist";
				IPHONEOS_DEPLOYMENT_TARGET = 11.0;
				LD_RUNPATH_SEARCH_PATHS = (
					"$(inherited)",
					"@executable_path/Frameworks",
				);
				PRODUCT_BUNDLE_IDENTIFIER = "--.----";
				PRODUCT_NAME = "$(TARGET_NAME)";
				TARGETED_DEVICE_FAMILY = "1,2";
			};
			name = Debug;
		};
		49D0ADDD22EDC01700E646B6 /* Release */ = {
			isa = XCBuildConfiguration;
			buildSettings = {
				ASSETCATALOG_COMPILER_APPICON_NAME = AppIcon;
				CODE_SIGN_STYLE = Automatic;
				DEVELOPMENT_TEAM = KJSFYK2X7F;
				INFOPLIST_FILE = "物理引擎/Info.plist";
				IPHONEOS_DEPLOYMENT_TARGET = 11.0;
				LD_RUNPATH_SEARCH_PATHS = (
					"$(inherited)",
					"@executable_path/Frameworks",
				);
				PRODUCT_BUNDLE_IDENTIFIER = "--.----";
				PRODUCT_NAME = "$(TARGET_NAME)";
				TARGETED_DEVICE_FAMILY = "1,2";
			};
			name = Release;
		};
		49D0ADDF22EDC01700E646B6 /* Debug */ = {
			isa = XCBuildConfiguration;
			buildSettings = {
				BUNDLE_LOADER = "$(TEST_HOST)";
				CODE_SIGN_STYLE = Automatic;
				DEVELOPMENT_TEAM = KJSFYK2X7F;
				INFOPLIST_FILE = "物理引擎Tests/Info.plist";
				LD_RUNPATH_SEARCH_PATHS = (
					"$(inherited)",
					"@executable_path/Frameworks",
					"@loader_path/Frameworks",
				);
				PRODUCT_BUNDLE_IDENTIFIER = "--.----Tests";
				PRODUCT_NAME = "$(TARGET_NAME)";
				TARGETED_DEVICE_FAMILY = "1,2";
				TEST_HOST = "$(BUILT_PRODUCTS_DIR)/物理引擎.app/物理引擎";
			};
			name = Debug;
		};
		49D0ADE022EDC01700E646B6 /* Release */ = {
			isa = XCBuildConfiguration;
			buildSettings = {
				BUNDLE_LOADER = "$(TEST_HOST)";
				CODE_SIGN_STYLE = Automatic;
				DEVELOPMENT_TEAM = KJSFYK2X7F;
				INFOPLIST_FILE = "物理引擎Tests/Info.plist";
				LD_RUNPATH_SEARCH_PATHS = (
					"$(inherited)",
					"@executable_path/Frameworks",
					"@loader_path/Frameworks",
				);
				PRODUCT_BUNDLE_IDENTIFIER = "--.----Tests";
				PRODUCT_NAME = "$(TARGET_NAME)";
				TARGETED_DEVICE_FAMILY = "1,2";
				TEST_HOST = "$(BUILT_PRODUCTS_DIR)/物理引擎.app/物理引擎";
			};
			name = Release;
		};
		49D0ADE222EDC01700E646B6 /* Debug */ = {
			isa = XCBuildConfiguration;
			buildSettings = {
				CODE_SIGN_STYLE = Automatic;
				DEVELOPMENT_TEAM = KJSFYK2X7F;
				INFOPLIST_FILE = "物理引擎UITests/Info.plist";
				LD_RUNPATH_SEARCH_PATHS = (
					"$(inherited)",
					"@executable_path/Frameworks",
					"@loader_path/Frameworks",
				);
				PRODUCT_BUNDLE_IDENTIFIER = "--.----UITests";
				PRODUCT_NAME = "$(TARGET_NAME)";
				TARGETED_DEVICE_FAMILY = "1,2";
				TEST_TARGET_NAME = "物理引擎";
			};
			name = Debug;
		};
		49D0ADE322EDC01700E646B6 /* Release */ = {
			isa = XCBuildConfiguration;
			buildSettings = {
				CODE_SIGN_STYLE = Automatic;
				DEVELOPMENT_TEAM = KJSFYK2X7F;
				INFOPLIST_FILE = "物理引擎UITests/Info.plist";
				LD_RUNPATH_SEARCH_PATHS = (
					"$(inherited)",
					"@executable_path/Frameworks",
					"@loader_path/Frameworks",
				);
				PRODUCT_BUNDLE_IDENTIFIER = "--.----UITests";
				PRODUCT_NAME = "$(TARGET_NAME)";
				TARGETED_DEVICE_FAMILY = "1,2";
				TEST_TARGET_NAME = "物理引擎";
			};
			name = Release;
		};
/* End XCBuildConfiguration section */

/* Begin XCConfigurationList section */
		49D0ADAA22EDC01500E646B6 /* Build configuration list for PBXProject "物理引擎" */ = {
			isa = XCConfigurationList;
			buildConfigurations = (
				49D0ADD922EDC01700E646B6 /* Debug */,
				49D0ADDA22EDC01700E646B6 /* Release */,
			);
			defaultConfigurationIsVisible = 0;
			defaultConfigurationName = Release;
		};
		49D0ADDB22EDC01700E646B6 /* Build configuration list for PBXNativeTarget "物理引擎" */ = {
			isa = XCConfigurationList;
			buildConfigurations = (
				49D0ADDC22EDC01700E646B6 /* Debug */,
				49D0ADDD22EDC01700E646B6 /* Release */,
			);
			defaultConfigurationIsVisible = 0;
			defaultConfigurationName = Release;
		};
		49D0ADDE22EDC01700E646B6 /* Build configuration list for PBXNativeTarget "物理引擎Tests" */ = {
			isa = XCConfigurationList;
			buildConfigurations = (
				49D0ADDF22EDC01700E646B6 /* Debug */,
				49D0ADE022EDC01700E646B6 /* Release */,
			);
			defaultConfigurationIsVisible = 0;
			defaultConfigurationName = Release;
		};
		49D0ADE122EDC01700E646B6 /* Build configuration list for PBXNativeTarget "物理引擎UITests" */ = {
			isa = XCConfigurationList;
			buildConfigurations = (
				49D0ADE222EDC01700E646B6 /* Debug */,
				49D0ADE322EDC01700E646B6 /* Release */,
			);
			defaultConfigurationIsVisible = 0;
			defaultConfigurationName = Release;
		};
/* End XCConfigurationList section */
	};
	rootObject = 49D0ADA722EDC01500E646B6 /* Project object */;
}
